// !$*UTF8*$!
{
	archiveVersion = 1;
	classes = {
	};
	objectVersion = 55;
	objects = {

/* Begin PBXBuildFile section */
		94F15C6328CB6B5A008EAACE /* AppDelegate.swift in Sources */ = {isa = PBXBuildFile; fileRef = 94F15C6228CB6B5A008EAACE /* AppDelegate.swift */; };
		94F15C6528CB6B5A008EAACE /* SceneDelegate.swift in Sources */ = {isa = PBXBuildFile; fileRef = 94F15C6428CB6B5A008EAACE /* SceneDelegate.swift */; };
		94F15C6728CB6B5A008EAACE /* ViewController.swift in Sources */ = {isa = PBXBuildFile; fileRef = 94F15C6628CB6B5A008EAACE /* ViewController.swift */; };
		94F15C6A28CB6B5A008EAACE /* Main.storyboard in Resources */ = {isa = PBXBuildFile; fileRef = 94F15C6828CB6B5A008EAACE /* Main.storyboard */; };
		94F15C6C28CB6B5E008EAACE /* Assets.xcassets in Resources */ = {isa = PBXBuildFile; fileRef = 94F15C6B28CB6B5E008EAACE /* Assets.xcassets */; };
		94F15C6F28CB6B5E008EAACE /* LaunchScreen.storyboard in Resources */ = {isa = PBXBuildFile; fileRef = 94F15C6D28CB6B5E008EAACE /* LaunchScreen.storyboard */; };
		94F15C7A28CB6B5E008EAACE /* courseTests.swift in Sources */ = {isa = PBXBuildFile; fileRef = 94F15C7928CB6B5E008EAACE /* courseTests.swift */; };
		94F15C8428CB6B5E008EAACE /* courseUITests.swift in Sources */ = {isa = PBXBuildFile; fileRef = 94F15C8328CB6B5E008EAACE /* courseUITests.swift */; };
		94F15C8628CB6B5E008EAACE /* courseUITestsLaunchTests.swift in Sources */ = {isa = PBXBuildFile; fileRef = 94F15C8528CB6B5E008EAACE /* courseUITestsLaunchTests.swift */; };
/* End PBXBuildFile section */

/* Begin PBXContainerItemProxy section */
		94F15C7628CB6B5E008EAACE /* PBXContainerItemProxy */ = {
			isa = PBXContainerItemProxy;
			containerPortal = 94F15C5728CB6B5A008EAACE /* Project object */;
			proxyType = 1;
			remoteGlobalIDString = 94F15C5E28CB6B5A008EAACE;
			remoteInfo = course;
		};
		94F15C8028CB6B5E008EAACE /* PBXContainerItemProxy */ = {
			isa = PBXContainerItemProxy;
			containerPortal = 94F15C5728CB6B5A008EAACE /* Project object */;
			proxyType = 1;
			remoteGlobalIDString = 94F15C5E28CB6B5A008EAACE;
			remoteInfo = course;
		};
/* End PBXContainerItemProxy section */

/* Begin PBXFileReference section */
		94F15C5F28CB6B5A008EAACE /* course.app */ = {isa = PBXFileReference; explicitFileType = wrapper.application; includeInIndex = 0; path = course.app; sourceTree = BUILT_PRODUCTS_DIR; };
		94F15C6228CB6B5A008EAACE /* AppDelegate.swift */ = {isa = PBXFileReference; lastKnownFileType = sourcecode.swift; path = AppDelegate.swift; sourceTree = "<group>"; };
		94F15C6428CB6B5A008EAACE /* SceneDelegate.swift */ = {isa = PBXFileReference; lastKnownFileType = sourcecode.swift; path = SceneDelegate.swift; sourceTree = "<group>"; };
		94F15C6628CB6B5A008EAACE /* ViewController.swift */ = {isa = PBXFileReference; lastKnownFileType = sourcecode.swift; path = ViewController.swift; sourceTree = "<group>"; };
		94F15C6928CB6B5A008EAACE /* Base */ = {isa = PBXFileReference; lastKnownFileType = file.storyboard; name = Base; path = Base.lproj/Main.storyboard; sourceTree = "<group>"; };
		94F15C6B28CB6B5E008EAACE /* Assets.xcassets */ = {isa = PBXFileReference; lastKnownFileType = folder.assetcatalog; path = Assets.xcassets; sourceTree = "<group>"; };
		94F15C6E28CB6B5E008EAACE /* Base */ = {isa = PBXFileReference; lastKnownFileType = file.storyboard; name = Base; path = Base.lproj/LaunchScreen.storyboard; sourceTree = "<group>"; };
		94F15C7028CB6B5E008EAACE /* Info.plist */ = {isa = PBXFileReference; lastKnownFileType = text.plist.xml; path = Info.plist; sourceTree = "<group>"; };
		94F15C7528CB6B5E008EAACE /* courseTests.xctest */ = {isa = PBXFileReference; explicitFileType = wrapper.cfbundle; includeInIndex = 0; path = courseTests.xctest; sourceTree = BUILT_PRODUCTS_DIR; };
		94F15C7928CB6B5E008EAACE /* courseTests.swift */ = {isa = PBXFileReference; lastKnownFileType = sourcecode.swift; path = courseTests.swift; sourceTree = "<group>"; };
		94F15C7F28CB6B5E008EAACE /* courseUITests.xctest */ = {isa = PBXFileReference; explicitFileType = wrapper.cfbundle; includeInIndex = 0; path = courseUITests.xctest; sourceTree = BUILT_PRODUCTS_DIR; };
		94F15C8328CB6B5E008EAACE /* courseUITests.swift */ = {isa = PBXFileReference; lastKnownFileType = sourcecode.swift; path = courseUITests.swift; sourceTree = "<group>"; };
		94F15C8528CB6B5E008EAACE /* courseUITestsLaunchTests.swift */ = {isa = PBXFileReference; lastKnownFileType = sourcecode.swift; path = courseUITestsLaunchTests.swift; sourceTree = "<group>"; };
/* End PBXFileReference section */

/* Begin PBXFrameworksBuildPhase section */
		94F15C5C28CB6B5A008EAACE /* Frameworks */ = {
			isa = PBXFrameworksBuildPhase;
			buildActionMask = 2147483647;
			files = (
			);
			runOnlyForDeploymentPostprocessing = 0;
		};
		94F15C7228CB6B5E008EAACE /* Frameworks */ = {
			isa = PBXFrameworksBuildPhase;
			buildActionMask = 2147483647;
			files = (
			);
			runOnlyForDeploymentPostprocessing = 0;
		};
		94F15C7C28CB6B5E008EAACE /* Frameworks */ = {
			isa = PBXFrameworksBuildPhase;
			buildActionMask = 2147483647;
			files = (
			);
			runOnlyForDeploymentPostprocessing = 0;
		};
/* End PBXFrameworksBuildPhase section */

/* Begin PBXGroup section */
		94F15C5628CB6B5A008EAACE = {
			isa = PBXGroup;
			children = (
				94F15C6128CB6B5A008EAACE /* course */,
				94F15C7828CB6B5E008EAACE /* courseTests */,
				94F15C8228CB6B5E008EAACE /* courseUITests */,
				94F15C6028CB6B5A008EAACE /* Products */,
			);
			sourceTree = "<group>";
		};
		94F15C6028CB6B5A008EAACE /* Products */ = {
			isa = PBXGroup;
			children = (
				94F15C5F28CB6B5A008EAACE /* course.app */,
				94F15C7528CB6B5E008EAACE /* courseTests.xctest */,
				94F15C7F28CB6B5E008EAACE /* courseUITests.xctest */,
			);
			name = Products;
			sourceTree = "<group>";
		};
		94F15C6128CB6B5A008EAACE /* course */ = {
			isa = PBXGroup;
			children = (
				94F15C6228CB6B5A008EAACE /* AppDelegate.swift */,
				94F15C6428CB6B5A008EAACE /* SceneDelegate.swift */,
				94F15C6628CB6B5A008EAACE /* ViewController.swift */,
				94F15C6828CB6B5A008EAACE /* Main.storyboard */,
				94F15C6B28CB6B5E008EAACE /* Assets.xcassets */,
				94F15C6D28CB6B5E008EAACE /* LaunchScreen.storyboard */,
				94F15C7028CB6B5E008EAACE /* Info.plist */,
			);
			path = course;
			sourceTree = "<group>";
		};
		94F15C7828CB6B5E008EAACE /* courseTests */ = {
			isa = PBXGroup;
			children = (
				94F15C7928CB6B5E008EAACE /* courseTests.swift */,
			);
			path = courseTests;
			sourceTree = "<group>";
		};
		94F15C8228CB6B5E008EAACE /* courseUITests */ = {
			isa = PBXGroup;
			children = (
				94F15C8328CB6B5E008EAACE /* courseUITests.swift */,
				94F15C8528CB6B5E008EAACE /* courseUITestsLaunchTests.swift */,
			);
			path = courseUITests;
			sourceTree = "<group>";
		};
/* End PBXGroup section */

/* Begin PBXNativeTarget section */
		94F15C5E28CB6B5A008EAACE /* course */ = {
			isa = PBXNativeTarget;
			buildConfigurationList = 94F15C8928CB6B5E008EAACE /* Build configuration list for PBXNativeTarget "course" */;
			buildPhases = (
				94F15C5B28CB6B5A008EAACE /* Sources */,
				94F15C5C28CB6B5A008EAACE /* Frameworks */,
				94F15C5D28CB6B5A008EAACE /* Resources */,
			);
			buildRules = (
			);
			dependencies = (
			);
			name = course;
			productName = course;
			productReference = 94F15C5F28CB6B5A008EAACE /* course.app */;
			productType = "com.apple.product-type.application";
		};
		94F15C7428CB6B5E008EAACE /* courseTests */ = {
			isa = PBXNativeTarget;
			buildConfigurationList = 94F15C8C28CB6B5E008EAACE /* Build configuration list for PBXNativeTarget "courseTests" */;
			buildPhases = (
				94F15C7128CB6B5E008EAACE /* Sources */,
				94F15C7228CB6B5E008EAACE /* Frameworks */,
				94F15C7328CB6B5E008EAACE /* Resources */,
			);
			buildRules = (
			);
			dependencies = (
				94F15C7728CB6B5E008EAACE /* PBXTargetDependency */,
			);
			name = courseTests;
			productName = courseTests;
			productReference = 94F15C7528CB6B5E008EAACE /* courseTests.xctest */;
			productType = "com.apple.product-type.bundle.unit-test";
		};
		94F15C7E28CB6B5E008EAACE /* courseUITests */ = {
			isa = PBXNativeTarget;
			buildConfigurationList = 94F15C8F28CB6B5E008EAACE /* Build configuration list for PBXNativeTarget "courseUITests" */;
			buildPhases = (
				94F15C7B28CB6B5E008EAACE /* Sources */,
				94F15C7C28CB6B5E008EAACE /* Frameworks */,
				94F15C7D28CB6B5E008EAACE /* Resources */,
			);
			buildRules = (
			);
			dependencies = (
				94F15C8128CB6B5E008EAACE /* PBXTargetDependency */,
			);
			name = courseUITests;
			productName = courseUITests;
			productReference = 94F15C7F28CB6B5E008EAACE /* courseUITests.xctest */;
			productType = "com.apple.product-type.bundle.ui-testing";
		};
/* End PBXNativeTarget section */

/* Begin PBXProject section */
		94F15C5728CB6B5A008EAACE /* Project object */ = {
			isa = PBXProject;
			attributes = {
				BuildIndependentTargetsInParallel = 1;
				LastSwiftUpdateCheck = 1340;
				LastUpgradeCheck = 1340;
				TargetAttributes = {
					94F15C5E28CB6B5A008EAACE = {
						CreatedOnToolsVersion = 13.4.1;
					};
					94F15C7428CB6B5E008EAACE = {
						CreatedOnToolsVersion = 13.4.1;
						TestTargetID = 94F15C5E28CB6B5A008EAACE;
					};
					94F15C7E28CB6B5E008EAACE = {
						CreatedOnToolsVersion = 13.4.1;
						TestTargetID = 94F15C5E28CB6B5A008EAACE;
					};
				};
			};
			buildConfigurationList = 94F15C5A28CB6B5A008EAACE /* Build configuration list for PBXProject "course" */;
			compatibilityVersion = "Xcode 13.0";
			developmentRegion = en;
			hasScannedForEncodings = 0;
			knownRegions = (
				en,
				Base,
			);
			mainGroup = 94F15C5628CB6B5A008EAACE;
			productRefGroup = 94F15C6028CB6B5A008EAACE /* Products */;
			projectDirPath = "";
			projectRoot = "";
			targets = (
				94F15C5E28CB6B5A008EAACE /* course */,
				94F15C7428CB6B5E008EAACE /* courseTests */,
				94F15C7E28CB6B5E008EAACE /* courseUITests */,
			);
		};
/* End PBXProject section */

/* Begin PBXResourcesBuildPhase section */
		94F15C5D28CB6B5A008EAACE /* Resources */ = {
			isa = PBXResourcesBuildPhase;
			buildActionMask = 2147483647;
			files = (
				94F15C6F28CB6B5E008EAACE /* LaunchScreen.storyboard in Resources */,
				94F15C6C28CB6B5E008EAACE /* Assets.xcassets in Resources */,
				94F15C6A28CB6B5A008EAACE /* Main.storyboard in Resources */,
			);
			runOnlyForDeploymentPostprocessing = 0;
		};
		94F15C7328CB6B5E008EAACE /* Resources */ = {
			isa = PBXResourcesBuildPhase;
			buildActionMask = 2147483647;
			files = (
			);
			runOnlyForDeploymentPostprocessing = 0;
		};
		94F15C7D28CB6B5E008EAACE /* Resources */ = {
			isa = PBXResourcesBuildPhase;
			buildActionMask = 2147483647;
			files = (
			);
			runOnlyForDeploymentPostprocessing = 0;
		};
/* End PBXResourcesBuildPhase section */

/* Begin PBXSourcesBuildPhase section */
		94F15C5B28CB6B5A008EAACE /* Sources */ = {
			isa = PBXSourcesBuildPhase;
			buildActionMask = 2147483647;
			files = (
				94F15C6728CB6B5A008EAACE /* ViewController.swift in Sources */,
				94F15C6328CB6B5A008EAACE /* AppDelegate.swift in Sources */,
				94F15C6528CB6B5A008EAACE /* SceneDelegate.swift in Sources */,
			);
			runOnlyForDeploymentPostprocessing = 0;
		};
		94F15C7128CB6B5E008EAACE /* Sources */ = {
			isa = PBXSourcesBuildPhase;
			buildActionMask = 2147483647;
			files = (
				94F15C7A28CB6B5E008EAACE /* courseTests.swift in Sources */,
			);
			runOnlyForDeploymentPostprocessing = 0;
		};
		94F15C7B28CB6B5E008EAACE /* Sources */ = {
			isa = PBXSourcesBuildPhase;
			buildActionMask = 2147483647;
			files = (
				94F15C8428CB6B5E008EAACE /* courseUITests.swift in Sources */,
				94F15C8628CB6B5E008EAACE /* courseUITestsLaunchTests.swift in Sources */,
			);
			runOnlyForDeploymentPostprocessing = 0;
		};
/* End PBXSourcesBuildPhase section */

/* Begin PBXTargetDependency section */
		94F15C7728CB6B5E008EAACE /* PBXTargetDependency */ = {
			isa = PBXTargetDependency;
			target = 94F15C5E28CB6B5A008EAACE /* course */;
			targetProxy = 94F15C7628CB6B5E008EAACE /* PBXContainerItemProxy */;
		};
		94F15C8128CB6B5E008EAACE /* PBXTargetDependency */ = {
			isa = PBXTargetDependency;
			target = 94F15C5E28CB6B5A008EAACE /* course */;
			targetProxy = 94F15C8028CB6B5E008EAACE /* PBXContainerItemProxy */;
		};
/* End PBXTargetDependency section */

/* Begin PBXVariantGroup section */
		94F15C6828CB6B5A008EAACE /* Main.storyboard */ = {
			isa = PBXVariantGroup;
			children = (
				94F15C6928CB6B5A008EAACE /* Base */,
			);
			name = Main.storyboard;
			sourceTree = "<group>";
		};
		94F15C6D28CB6B5E008EAACE /* LaunchScreen.storyboard */ = {
			isa = PBXVariantGroup;
			children = (
				94F15C6E28CB6B5E008EAACE /* Base */,
			);
			name = LaunchScreen.storyboard;
			sourceTree = "<group>";
		};
/* End PBXVariantGroup section */

/* Begin XCBuildConfiguration section */
		94F15C8728CB6B5E008EAACE /* Debug */ = {
			isa = XCBuildConfiguration;
			buildSettings = {
				ALWAYS_SEARCH_USER_PATHS = NO;
				CLANG_ANALYZER_NONNULL = YES;
				CLANG_ANALYZER_NUMBER_OBJECT_CONVERSION = YES_AGGRESSIVE;
				CLANG_CXX_LANGUAGE_STANDARD = "gnu++17";
				CLANG_ENABLE_MODULES = YES;
				CLANG_ENABLE_OBJC_ARC = YES;
				CLANG_ENABLE_OBJC_WEAK = YES;
				CLANG_WARN_BLOCK_CAPTURE_AUTORELEASING = YES;
				CLANG_WARN_BOOL_CONVERSION = YES;
				CLANG_WARN_COMMA = YES;
				CLANG_WARN_CONSTANT_CONVERSION = YES;
				CLANG_WARN_DEPRECATED_OBJC_IMPLEMENTATIONS = YES;
				CLANG_WARN_DIRECT_OBJC_ISA_USAGE = YES_ERROR;
				CLANG_WARN_DOCUMENTATION_COMMENTS = YES;
				CLANG_WARN_EMPTY_BODY = YES;
				CLANG_WARN_ENUM_CONVERSION = YES;
				CLANG_WARN_INFINITE_RECURSION = YES;
				CLANG_WARN_INT_CONVERSION = YES;
				CLANG_WARN_NON_LITERAL_NULL_CONVERSION = YES;
				CLANG_WARN_OBJC_IMPLICIT_RETAIN_SELF = YES;
				CLANG_WARN_OBJC_LITERAL_CONVERSION = YES;
				CLANG_WARN_OBJC_ROOT_CLASS = YES_ERROR;
				CLANG_WARN_QUOTED_INCLUDE_IN_FRAMEWORK_HEADER = YES;
				CLANG_WARN_RANGE_LOOP_ANALYSIS = YES;
				CLANG_WARN_STRICT_PROTOTYPES = YES;
				CLANG_WARN_SUSPICIOUS_MOVE = YES;
				CLANG_WARN_UNGUARDED_AVAILABILITY = YES_AGGRESSIVE;
				CLANG_WARN_UNREACHABLE_CODE = YES;
				CLANG_WARN__DUPLICATE_METHOD_MATCH = YES;
				COPY_PHASE_STRIP = NO;
				DEBUG_INFORMATION_FORMAT = dwarf;
				ENABLE_STRICT_OBJC_MSGSEND = YES;
				ENABLE_TESTABILITY = YES;
				GCC_C_LANGUAGE_STANDARD = gnu11;
				GCC_DYNAMIC_NO_PIC = NO;
				GCC_NO_COMMON_BLOCKS = YES;
				GCC_OPTIMIZATION_LEVEL = 0;
				GCC_PREPROCESSOR_DEFINITIONS = (
					"DEBUG=1",
					"$(inherited)",
				);
				GCC_WARN_64_TO_32_BIT_CONVERSION = YES;
				GCC_WARN_ABOUT_RETURN_TYPE = YES_ERROR;
				GCC_WARN_UNDECLARED_SELECTOR = YES;
				GCC_WARN_UNINITIALIZED_AUTOS = YES_AGGRESSIVE;
				GCC_WARN_UNUSED_FUNCTION = YES;
				GCC_WARN_UNUSED_VARIABLE = YES;
				IPHONEOS_DEPLOYMENT_TARGET = 15.5;
				MTL_ENABLE_DEBUG_INFO = INCLUDE_SOURCE;
				MTL_FAST_MATH = YES;
				ONLY_ACTIVE_ARCH = YES;
				SDKROOT = iphoneos;
				SWIFT_ACTIVE_COMPILATION_CONDITIONS = DEBUG;
				SWIFT_OPTIMIZATION_LEVEL = "-Onone";
			};
			name = Debug;
		};
		94F15C8828CB6B5E008EAACE /* Release */ = {
			isa = XCBuildConfiguration;
			buildSettings = {
				ALWAYS_SEARCH_USER_PATHS = NO;
				CLANG_ANALYZER_NONNULL = YES;
				CLANG_ANALYZER_NUMBER_OBJECT_CONVERSION = YES_AGGRESSIVE;
				CLANG_CXX_LANGUAGE_STANDARD = "gnu++17";
				CLANG_ENABLE_MODULES = YES;
				CLANG_ENABLE_OBJC_ARC = YES;
				CLANG_ENABLE_OBJC_WEAK = YES;
				CLANG_WARN_BLOCK_CAPTURE_AUTORELEASING = YES;
				CLANG_WARN_BOOL_CONVERSION = YES;
				CLANG_WARN_COMMA = YES;
				CLANG_WARN_CONSTANT_CONVERSION = YES;
				CLANG_WARN_DEPRECATED_OBJC_IMPLEMENTATIONS = YES;
				CLANG_WARN_DIRECT_OBJC_ISA_USAGE = YES_ERROR;
				CLANG_WARN_DOCUMENTATION_COMMENTS = YES;
				CLANG_WARN_EMPTY_BODY = YES;
				CLANG_WARN_ENUM_CONVERSION = YES;
				CLANG_WARN_INFINITE_RECURSION = YES;
				CLANG_WARN_INT_CONVERSION = YES;
				CLANG_WARN_NON_LITERAL_NULL_CONVERSION = YES;
				CLANG_WARN_OBJC_IMPLICIT_RETAIN_SELF = YES;
				CLANG_WARN_OBJC_LITERAL_CONVERSION = YES;
				CLANG_WARN_OBJC_ROOT_CLASS = YES_ERROR;
				CLANG_WARN_QUOTED_INCLUDE_IN_FRAMEWORK_HEADER = YES;
				CLANG_WARN_RANGE_LOOP_ANALYSIS = YES;
				CLANG_WARN_STRICT_PROTOTYPES = YES;
				CLANG_WARN_SUSPICIOUS_MOVE = YES;
				CLANG_WARN_UNGUARDED_AVAILABILITY = YES_AGGRESSIVE;
				CLANG_WARN_UNREACHABLE_CODE = YES;
				CLANG_WARN__DUPLICATE_METHOD_MATCH = YES;
				COPY_PHASE_STRIP = NO;
				DEBUG_INFORMATION_FORMAT = "dwarf-with-dsym";
				ENABLE_NS_ASSERTIONS = NO;
				ENABLE_STRICT_OBJC_MSGSEND = YES;
				GCC_C_LANGUAGE_STANDARD = gnu11;
				GCC_NO_COMMON_BLOCKS = YES;
				GCC_WARN_64_TO_32_BIT_CONVERSION = YES;
				GCC_WARN_ABOUT_RETURN_TYPE = YES_ERROR;
				GCC_WARN_UNDECLARED_SELECTOR = YES;
				GCC_WARN_UNINITIALIZED_AUTOS = YES_AGGRESSIVE;
				GCC_WARN_UNUSED_FUNCTION = YES;
				GCC_WARN_UNUSED_VARIABLE = YES;
				IPHONEOS_DEPLOYMENT_TARGET = 15.5;
				MTL_ENABLE_DEBUG_INFO = NO;
				MTL_FAST_MATH = YES;
				SDKROOT = iphoneos;
				SWIFT_COMPILATION_MODE = wholemodule;
				SWIFT_OPTIMIZATION_LEVEL = "-O";
				VALIDATE_PRODUCT = YES;
			};
			name = Release;
		};
		94F15C8A28CB6B5E008EAACE /* Debug */ = {
			isa = XCBuildConfiguration;
			buildSettings = {
				ASSETCATALOG_COMPILER_APPICON_NAME = AppIcon;
				ASSETCATALOG_COMPILER_GLOBAL_ACCENT_COLOR_NAME = AccentColor;
				CODE_SIGN_STYLE = Automatic;
				CURRENT_PROJECT_VERSION = 1;
				DEVELOPMENT_TEAM = 4T3V8T7P9R;
				GENERATE_INFOPLIST_FILE = YES;
				INFOPLIST_FILE = course/Info.plist;
				INFOPLIST_KEY_UIApplicationSupportsIndirectInputEvents = YES;
				INFOPLIST_KEY_UILaunchStoryboardName = LaunchScreen;
				INFOPLIST_KEY_UIMainStoryboardFile = Main;
				INFOPLIST_KEY_UISupportedInterfaceOrientations = "UIInterfaceOrientationPortrait UIInterfaceOrientationLandscapeRight UIInterfaceOrientationLandscapeLeft";
				INFOPLIST_KEY_UISupportedInterfaceOrientations_iPad = "UIInterfaceOrientationPortrait UIInterfaceOrientationPortraitUpsideDown UIInterfaceOrientationLandscapeLeft UIInterfaceOrientationLandscapeRight";
				INFOPLIST_KEY_UISupportedInterfaceOrientations_iPhone = "UIInterfaceOrientationPortrait UIInterfaceOrientationLandscapeLeft UIInterfaceOrientationLandscapeRight";
				LD_RUNPATH_SEARCH_PATHS = (
					"$(inherited)",
					"@executable_path/Frameworks",
				);
				MARKETING_VERSION = 1.0;
				PRODUCT_BUNDLE_IDENTIFIER = yessetovr.course;
				PRODUCT_NAME = "$(TARGET_NAME)";
				SWIFT_EMIT_LOC_STRINGS = YES;
				SWIFT_VERSION = 5.0;
				TARGETED_DEVICE_FAMILY = "1,2";
			};
			name = Debug;
		};
		94F15C8B28CB6B5E008EAACE /* Release */ = {
			isa = XCBuildConfiguration;
			buildSettings = {
				ASSETCATALOG_COMPILER_APPICON_NAME = AppIcon;
				ASSETCATALOG_COMPILER_GLOBAL_ACCENT_COLOR_NAME = AccentColor;
				CODE_SIGN_STYLE = Automatic;
				CURRENT_PROJECT_VERSION = 1;
				DEVELOPMENT_TEAM = 4T3V8T7P9R;
				GENERATE_INFOPLIST_FILE = YES;
				INFOPLIST_FILE = course/Info.plist;
				INFOPLIST_KEY_UIApplicationSupportsIndirectInputEvents = YES;
				INFOPLIST_KEY_UILaunchStoryboardName = LaunchScreen;
				INFOPLIST_KEY_UIMainStoryboardFile = Main;
				INFOPLIST_KEY_UISupportedInterfaceOrientations = "UIInterfaceOrientationPortrait UIInterfaceOrientationLandscapeRight UIInterfaceOrientationLandscapeLeft";
				INFOPLIST_KEY_UISupportedInterfaceOrientations_iPad = "UIInterfaceOrientationPortrait UIInterfaceOrientationPortraitUpsideDown UIInterfaceOrientationLandscapeLeft UIInterfaceOrientationLandscapeRight";
				INFOPLIST_KEY_UISupportedInterfaceOrientations_iPhone = "UIInterfaceOrientationPortrait UIInterfaceOrientationLandscapeLeft UIInterfaceOrientationLandscapeRight";
				LD_RUNPATH_SEARCH_PATHS = (
					"$(inherited)",
					"@executable_path/Frameworks",
				);
				MARKETING_VERSION = 1.0;
				PRODUCT_BUNDLE_IDENTIFIER = yessetovr.course;
				PRODUCT_NAME = "$(TARGET_NAME)";
				SWIFT_EMIT_LOC_STRINGS = YES;
				SWIFT_VERSION = 5.0;
				TARGETED_DEVICE_FAMILY = "1,2";
			};
			name = Release;
		};
		94F15C8D28CB6B5E008EAACE /* Debug */ = {
			isa = XCBuildConfiguration;
			buildSettings = {
				ALWAYS_EMBED_SWIFT_STANDARD_LIBRARIES = YES;
				BUNDLE_LOADER = "$(TEST_HOST)";
				CODE_SIGN_STYLE = Automatic;
				CURRENT_PROJECT_VERSION = 1;
				GENERATE_INFOPLIST_FILE = YES;
				IPHONEOS_DEPLOYMENT_TARGET = 15.5;
				MARKETING_VERSION = 1.0;
				PRODUCT_BUNDLE_IDENTIFIER = yessetovr.courseTests;
				PRODUCT_NAME = "$(TARGET_NAME)";
				SWIFT_EMIT_LOC_STRINGS = NO;
				SWIFT_VERSION = 5.0;
				TARGETED_DEVICE_FAMILY = "1,2";
				TEST_HOST = "$(BUILT_PRODUCTS_DIR)/course.app/course";
			};
			name = Debug;
		};
		94F15C8E28CB6B5E008EAACE /* Release */ = {
			isa = XCBuildConfiguration;
			buildSettings = {
				ALWAYS_EMBED_SWIFT_STANDARD_LIBRARIES = YES;
				BUNDLE_LOADER = "$(TEST_HOST)";
				CODE_SIGN_STYLE = Automatic;
				CURRENT_PROJECT_VERSION = 1;
				GENERATE_INFOPLIST_FILE = YES;
				IPHONEOS_DEPLOYMENT_TARGET = 15.5;
				MARKETING_VERSION = 1.0;
				PRODUCT_BUNDLE_IDENTIFIER = yessetovr.courseTests;
				PRODUCT_NAME = "$(TARGET_NAME)";
				SWIFT_EMIT_LOC_STRINGS = NO;
				SWIFT_VERSION = 5.0;
				TARGETED_DEVICE_FAMILY = "1,2";
				TEST_HOST = "$(BUILT_PRODUCTS_DIR)/course.app/course";
			};
			name = Release;
		};
		94F15C9028CB6B5E008EAACE /* Debug */ = {
			isa = XCBuildConfiguration;
			buildSettings = {
				ALWAYS_EMBED_SWIFT_STANDARD_LIBRARIES = YES;
				CODE_SIGN_STYLE = Automatic;
				CURRENT_PROJECT_VERSION = 1;
				GENERATE_INFOPLIST_FILE = YES;
				MARKETING_VERSION = 1.0;
				PRODUCT_BUNDLE_IDENTIFIER = yessetovr.courseUITests;
				PRODUCT_NAME = "$(TARGET_NAME)";
				SWIFT_EMIT_LOC_STRINGS = NO;
				SWIFT_VERSION = 5.0;
				TARGETED_DEVICE_FAMILY = "1,2";
				TEST_TARGET_NAME = course;
			};
			name = Debug;
		};
		94F15C9128CB6B5E008EAACE /* Release */ = {
			isa = XCBuildConfiguration;
			buildSettings = {
				ALWAYS_EMBED_SWIFT_STANDARD_LIBRARIES = YES;
				CODE_SIGN_STYLE = Automatic;
				CURRENT_PROJECT_VERSION = 1;
				GENERATE_INFOPLIST_FILE = YES;
				MARKETING_VERSION = 1.0;
				PRODUCT_BUNDLE_IDENTIFIER = yessetovr.courseUITests;
				PRODUCT_NAME = "$(TARGET_NAME)";
				SWIFT_EMIT_LOC_STRINGS = NO;
				SWIFT_VERSION = 5.0;
				TARGETED_DEVICE_FAMILY = "1,2";
				TEST_TARGET_NAME = course;
			};
			name = Release;
		};
/* End XCBuildConfiguration section */

/* Begin XCConfigurationList section */
		94F15C5A28CB6B5A008EAACE /* Build configuration list for PBXProject "course" */ = {
			isa = XCConfigurationList;
			buildConfigurations = (
				94F15C8728CB6B5E008EAACE /* Debug */,
				94F15C8828CB6B5E008EAACE /* Release */,
			);
			defaultConfigurationIsVisible = 0;
			defaultConfigurationName = Release;
		};
		94F15C8928CB6B5E008EAACE /* Build configuration list for PBXNativeTarget "course" */ = {
			isa = XCConfigurationList;
			buildConfigurations = (
				94F15C8A28CB6B5E008EAACE /* Debug */,
				94F15C8B28CB6B5E008EAACE /* Release */,
			);
			defaultConfigurationIsVisible = 0;
			defaultConfigurationName = Release;
		};
		94F15C8C28CB6B5E008EAACE /* Build configuration list for PBXNativeTarget "courseTests" */ = {
			isa = XCConfigurationList;
			buildConfigurations = (
				94F15C8D28CB6B5E008EAACE /* Debug */,
				94F15C8E28CB6B5E008EAACE /* Release */,
			);
			defaultConfigurationIsVisible = 0;
			defaultConfigurationName = Release;
		};
		94F15C8F28CB6B5E008EAACE /* Build configuration list for PBXNativeTarget "courseUITests" */ = {
			isa = XCConfigurationList;
			buildConfigurations = (
				94F15C9028CB6B5E008EAACE /* Debug */,
				94F15C9128CB6B5E008EAACE /* Release */,
			);
			defaultConfigurationIsVisible = 0;
			defaultConfigurationName = Release;
		};
/* End XCConfigurationList section */
	};
	rootObject = 94F15C5728CB6B5A008EAACE /* Project object */;
}
